
Microsoft Visual Studio Solution File, Format Version 12.00
# Visual Studio Version 17
VisualStudioVersion = 17.8.34330.188
MinimumVisualStudioVersion = 10.0.40219.1
Project("{9A19103F-16F7-4668-BE54-9A1E7A4F7556}") = "Dự án 1", "Dự án 1\Dự án 1.csproj", "{56C79107-EE10-47FF-AB2C-FCA0B02AF24A}"
EndProject
Project("{9A19103F-16F7-4668-BE54-9A1E7A4F7556}") = "ClassLibrary1", "..\ClassLibrary1\ClassLibrary1\ClassLibrary1.csproj", "{9C928BD4-B1A3-42D1-A6B1-2295DCABA386}"
EndProject
Project("{FAE04EC0-301F-11D3-BF4B-00C04F79EFBC}") = "TestProject2", "TestProject2\TestProject2.csproj", "{C39A3502-4556-4520-B9AD-9B82FDB06686}"
EndProject
Global
	GlobalSection(SolutionConfigurationPlatforms) = preSolution
		Debug|Any CPU = Debug|Any CPU
		Release|Any CPU = Release|Any CPU
	EndGlobalSection
	GlobalSection(ProjectConfigurationPlatforms) = postSolution
		{56C79107-EE10-47FF-AB2C-FCA0B02AF24A}.Debug|Any CPU.ActiveCfg = Debug|Any CPU
		{56C79107-EE10-47FF-AB2C-FCA0B02AF24A}.Debug|Any CPU.Build.0 = Debug|Any CPU
		{56C79107-EE10-47FF-AB2C-FCA0B02AF24A}.Release|Any CPU.ActiveCfg = Release|Any CPU
		{56C79107-EE10-47FF-AB2C-FCA0B02AF24A}.Release|Any CPU.Build.0 = Release|Any CPU
		{9C928BD4-B1A3-42D1-A6B1-2295DCABA386}.Debug|Any CPU.ActiveCfg = Debug|Any CPU
		{9C928BD4-B1A3-42D1-A6B1-2295DCABA386}.Debug|Any CPU.Build.0 = Debug|Any CPU
		{9C928BD4-B1A3-42D1-A6B1-2295DCABA386}.Release|Any CPU.ActiveCfg = Release|Any CPU
		{9C928BD4-B1A3-42D1-A6B1-2295DCABA386}.Release|Any CPU.Build.0 = Release|Any CPU
		{C39A3502-4556-4520-B9AD-9B82FDB06686}.Debug|Any CPU.ActiveCfg = Debug|Any CPU
		{C39A3502-4556-4520-B9AD-9B82FDB06686}.Debug|Any CPU.Build.0 = Debug|Any CPU
		{C39A3502-4556-4520-B9AD-9B82FDB06686}.Release|Any CPU.ActiveCfg = Release|Any CPU
		{C39A3502-4556-4520-B9AD-9B82FDB06686}.Release|Any CPU.Build.0 = Release|Any CPU
	EndGlobalSection
	GlobalSection(SolutionProperties) = preSolution
		HideSolutionNode = FALSE
	EndGlobalSection
	GlobalSection(ExtensibilityGlobals) = postSolution
		SolutionGuid = {7077D2D0-B9E8-4A52-991F-F0D5F3650C62}
	EndGlobalSection
EndGlobal
